{
  "name": "lanmonitor",
  "version": "0.0.1",
  "lockfileVersion": 1,
  "dependencies": {
    "async": {
      "version": "0.9.2",
      "resolved": "https://registry.npmjs.org/async/-/async-0.9.2.tgz",
      "integrity": "sha1-rqdNXmHB+JlhO/ZL2mbUx48v0X0="
    },
    "cf": {
      "version": "git+https://github.com/angryoyc/cf.git#4938a2279a87963dadd1362d7be5e69a83981ef4"
    },
    "web": {
      "version": "git+https://github.com/angryoyc/web.git#3d0957c345d0a2665cf83d0f1c89625a598a3f63"
    }
  }
}
